github.com/flux-framework/flux-sched/resource/reapi/bindings/go v0.0.0-20260526195258-f0e815f1f354 h1:9Z0aLiKYuqFV9BkUHIdmB2LUCL5/RRB6YkLVc8f0Ge0=
github.com/flux-framework/flux-sched/resource/reapi/bindings/go v0.0.0-20260526195258-f0e815f1f354/go.mod h1:yhmzNyn45YhoxEohh1Sl3h3izLMqL7qpcvmYTRpv7eY=
